
Microsoft Visual Studio Solution File, Format Version 12.00
# Visual Studio Version 17
VisualStudioVersion = 17.2.32526.322
MinimumVisualStudioVersion = 10.0.40219.1
Project("{9A19103F-16F7-4668-BE54-9A1E7A4F7556}") = "WebAPI", "WebAPI.csproj", "{12701B2D-F2D2-4ED9-ACDB-2794101E6B96}"
EndProject
Global
	GlobalSection(SolutionConfigurationPlatforms) = preSolution
		Debug|Any CPU = Debug|Any CPU
		Release|Any CPU = Release|Any CPU
	EndGlobalSection
	GlobalSection(ProjectConfigurationPlatforms) = postSolution
		{12701B2D-F2D2-4ED9-ACDB-2794101E6B96}.Debug|Any CPU.ActiveCfg = Debug|Any CPU
		{12701B2D-F2D2-4ED9-ACDB-2794101E6B96}.Debug|Any CPU.Build.0 = Debug|Any CPU
		{12701B2D-F2D2-4ED9-ACDB-2794101E6B96}.Release|Any CPU.ActiveCfg = Release|Any CPU
		{12701B2D-F2D2-4ED9-ACDB-2794101E6B96}.Release|Any CPU.Build.0 = Release|Any CPU
	EndGlobalSection
	GlobalSection(SolutionProperties) = preSolution
		HideSolutionNode = FALSE
	EndGlobalSection
	GlobalSection(ExtensibilityGlobals) = postSolution
		SolutionGuid = {313E232E-2E02-41F2-8DDB-E6983609C5EE}
	EndGlobalSection
EndGlobal
